
Microsoft Visual Studio Solution File, Format Version 12.00
# Visual Studio Version 17
VisualStudioVersion = 17.11.35222.181
MinimumVisualStudioVersion = 10.0.40219.1
Project("{FAE04EC0-301F-11D3-BF4B-00C04F79EFBC}") = "MusicPlayerDB.API", "MusicPlayerDB.API\MusicPlayerDB.API.csproj", "{E803DF29-2F88-4DF7-9B29-DB4CBD842717}"
EndProject
Project("{FAE04EC0-301F-11D3-BF4B-00C04F79EFBC}") = "MusicPlayerDB.Persistence", "MusicPlayerDB.Persistence\MusicPlayerDB.Persistence.csproj", "{30197AA2-3147-4272-9805-C4DFD79567BE}"
EndProject
Global
	GlobalSection(SolutionConfigurationPlatforms) = preSolution
		Debug|Any CPU = Debug|Any CPU
		Release|Any CPU = Release|Any CPU
	EndGlobalSection
	GlobalSection(ProjectConfigurationPlatforms) = postSolution
		{E803DF29-2F88-4DF7-9B29-DB4CBD842717}.Debug|Any CPU.ActiveCfg = Debug|Any CPU
		{E803DF29-2F88-4DF7-9B29-DB4CBD842717}.Debug|Any CPU.Build.0 = Debug|Any CPU
		{E803DF29-2F88-4DF7-9B29-DB4CBD842717}.Release|Any CPU.ActiveCfg = Release|Any CPU
		{E803DF29-2F88-4DF7-9B29-DB4CBD842717}.Release|Any CPU.Build.0 = Release|Any CPU
		{30197AA2-3147-4272-9805-C4DFD79567BE}.Debug|Any CPU.ActiveCfg = Debug|Any CPU
		{30197AA2-3147-4272-9805-C4DFD79567BE}.Debug|Any CPU.Build.0 = Debug|Any CPU
		{30197AA2-3147-4272-9805-C4DFD79567BE}.Release|Any CPU.ActiveCfg = Release|Any CPU
		{30197AA2-3147-4272-9805-C4DFD79567BE}.Release|Any CPU.Build.0 = Release|Any CPU
	EndGlobalSection
	GlobalSection(SolutionProperties) = preSolution
		HideSolutionNode = FALSE
	EndGlobalSection
	GlobalSection(ExtensibilityGlobals) = postSolution
		SolutionGuid = {55247EBA-03F8-4ADF-9122-B0535EF63B5E}
	EndGlobalSection
EndGlobal
